
Microsoft Visual Studio Solution File, Format Version 12.00
# Visual Studio 15
VisualStudioVersion = 15.0.27703.2042
MinimumVisualStudioVersion = 10.0.40219.1
Project("{FAE04EC0-301F-11D3-BF4B-00C04F79EFBC}") = "风骚哥签到日期计算器", "风骚哥签到日期计算器\风骚哥签到日期计算器.csproj", "{27C7376B-9F6A-46E5-8205-FE03EA13EB4F}"
EndProject
Global
	GlobalSection(SolutionConfigurationPlatforms) = preSolution
		Debug|ARM = Debug|ARM
		Debug|x64 = Debug|x64
		Debug|x86 = Debug|x86
		Release|ARM = Release|ARM
		Release|x64 = Release|x64
		Release|x86 = Release|x86
	EndGlobalSection
	GlobalSection(ProjectConfigurationPlatforms) = postSolution
		{27C7376B-9F6A-46E5-8205-FE03EA13EB4F}.Debug|ARM.ActiveCfg = Debug|ARM
		{27C7376B-9F6A-46E5-8205-FE03EA13EB4F}.Debug|ARM.Build.0 = Debug|ARM
		{27C7376B-9F6A-46E5-8205-FE03EA13EB4F}.Debug|ARM.Deploy.0 = Debug|ARM
		{27C7376B-9F6A-46E5-8205-FE03EA13EB4F}.Debug|x64.ActiveCfg = Debug|x64
		{27C7376B-9F6A-46E5-8205-FE03EA13EB4F}.Debug|x64.Build.0 = Debug|x64
		{27C7376B-9F6A-46E5-8205-FE03EA13EB4F}.Debug|x64.Deploy.0 = Debug|x64
		{27C7376B-9F6A-46E5-8205-FE03EA13EB4F}.Debug|x86.ActiveCfg = Debug|x86
		{27C7376B-9F6A-46E5-8205-FE03EA13EB4F}.Debug|x86.Build.0 = Debug|x86
		{27C7376B-9F6A-46E5-8205-FE03EA13EB4F}.Debug|x86.Deploy.0 = Debug|x86
		{27C7376B-9F6A-46E5-8205-FE03EA13EB4F}.Release|ARM.ActiveCfg = Release|ARM
		{27C7376B-9F6A-46E5-8205-FE03EA13EB4F}.Release|ARM.Build.0 = Release|ARM
		{27C7376B-9F6A-46E5-8205-FE03EA13EB4F}.Release|ARM.Deploy.0 = Release|ARM
		{27C7376B-9F6A-46E5-8205-FE03EA13EB4F}.Release|x64.ActiveCfg = Release|x64
		{27C7376B-9F6A-46E5-8205-FE03EA13EB4F}.Release|x64.Build.0 = Release|x64
		{27C7376B-9F6A-46E5-8205-FE03EA13EB4F}.Release|x64.Deploy.0 = Release|x64
		{27C7376B-9F6A-46E5-8205-FE03EA13EB4F}.Release|x86.ActiveCfg = Release|x86
		{27C7376B-9F6A-46E5-8205-FE03EA13EB4F}.Release|x86.Build.0 = Release|x86
		{27C7376B-9F6A-46E5-8205-FE03EA13EB4F}.Release|x86.Deploy.0 = Release|x86
	EndGlobalSection
	GlobalSection(SolutionProperties) = preSolution
		HideSolutionNode = FALSE
	EndGlobalSection
	GlobalSection(ExtensibilityGlobals) = postSolution
		SolutionGuid = {1EFDBE69-79B0-477E-998D-B538D145309C}
	EndGlobalSection
EndGlobal
